
Microsoft Visual Studio Solution File, Format Version 12.00
# Visual Studio 14
VisualStudioVersion = 14.0.24720.0
MinimumVisualStudioVersion = 10.0.40219.1
Project("{FAE04EC0-301F-11D3-BF4B-00C04F79EFBC}") = "Auctionata.Api", "Auctionata.Api\Auctionata.Api.csproj", "{EFA397A8-DAEA-4BEB-9373-03E74C2ACBE4}"
EndProject
Global
	GlobalSection(SolutionConfigurationPlatforms) = preSolution
		Debug|Any CPU = Debug|Any CPU
		Release|Any CPU = Release|Any CPU
	EndGlobalSection
	GlobalSection(ProjectConfigurationPlatforms) = postSolution
		{EFA397A8-DAEA-4BEB-9373-03E74C2ACBE4}.Debug|Any CPU.ActiveCfg = Debug|Any CPU
		{EFA397A8-DAEA-4BEB-9373-03E74C2ACBE4}.Debug|Any CPU.Build.0 = Debug|Any CPU
		{EFA397A8-DAEA-4BEB-9373-03E74C2ACBE4}.Release|Any CPU.ActiveCfg = Release|Any CPU
		{EFA397A8-DAEA-4BEB-9373-03E74C2ACBE4}.Release|Any CPU.Build.0 = Release|Any CPU
	EndGlobalSection
	GlobalSection(SolutionProperties) = preSolution
		HideSolutionNode = FALSE
	EndGlobalSection
EndGlobal
